// !$*UTF8*$!
{
	archiveVersion = 1;
	classes = {
	};
	objectVersion = 46;
	objects = {

/* Begin PBXBuildFile section */
		3446D13F1ECEABD00045C8F0 /* main.m in Sources */ = {isa = PBXBuildFile; fileRef = 3446D13E1ECEABD00045C8F0 /* main.m */; };
		3446D1421ECEABD00045C8F0 /* AppDelegate.m in Sources */ = {isa = PBXBuildFile; fileRef = 3446D1411ECEABD00045C8F0 /* AppDelegate.m */; };
		3446D1451ECEABD00045C8F0 /* ViewController.m in Sources */ = {isa = PBXBuildFile; fileRef = 3446D1441ECEABD00045C8F0 /* ViewController.m */; };
		3446D1481ECEABD00045C8F0 /* Main.storyboard in Resources */ = {isa = PBXBuildFile; fileRef = 3446D1461ECEABD00045C8F0 /* Main.storyboard */; };
		3446D14B1ECEABD00045C8F0 /* rahmen.xcdatamodeld in Sources */ = {isa = PBXBuildFile; fileRef = 3446D1491ECEABD00045C8F0 /* rahmen.xcdatamodeld */; };
		3446D14D1ECEABD10045C8F0 /* Assets.xcassets in Resources */ = {isa = PBXBuildFile; fileRef = 3446D14C1ECEABD10045C8F0 /* Assets.xcassets */; };
		3446D1501ECEABD10045C8F0 /* LaunchScreen.storyboard in Resources */ = {isa = PBXBuildFile; fileRef = 3446D14E1ECEABD10045C8F0 /* LaunchScreen.storyboard */; };
		9AF79F0F514EA5D711AEF69B /* libPods-rahmen.a in Frameworks */ = {isa = PBXBuildFile; fileRef = A655CA74FB2946CC54E8D666 /* libPods-rahmen.a */; };
/* End PBXBuildFile section */

/* Begin PBXFileReference section */
		3446D13A1ECEABD00045C8F0 /* rahmen.app */ = {isa = PBXFileReference; explicitFileType = wrapper.application; includeInIndex = 0; path = rahmen.app; sourceTree = BUILT_PRODUCTS_DIR; };
		3446D13E1ECEABD00045C8F0 /* main.m */ = {isa = PBXFileReference; lastKnownFileType = sourcecode.c.objc; path = main.m; sourceTree = "<group>"; };
		3446D1401ECEABD00045C8F0 /* AppDelegate.h */ = {isa = PBXFileReference; lastKnownFileType = sourcecode.c.h; path = AppDelegate.h; sourceTree = "<group>"; };
		3446D1411ECEABD00045C8F0 /* AppDelegate.m */ = {isa = PBXFileReference; lastKnownFileType = sourcecode.c.objc; path = AppDelegate.m; sourceTree = "<group>"; };
		3446D1431ECEABD00045C8F0 /* ViewController.h */ = {isa = PBXFileReference; lastKnownFileType = sourcecode.c.h; path = ViewController.h; sourceTree = "<group>"; };
		3446D1441ECEABD00045C8F0 /* ViewController.m */ = {isa = PBXFileReference; lastKnownFileType = sourcecode.c.objc; path = ViewController.m; sourceTree = "<group>"; };
		3446D1471ECEABD00045C8F0 /* Base */ = {isa = PBXFileReference; lastKnownFileType = file.storyboard; name = Base; path = Base.lproj/Main.storyboard; sourceTree = "<group>"; };
		3446D14A1ECEABD00045C8F0 /* rahmen.xcdatamodel */ = {isa = PBXFileReference; lastKnownFileType = wrapper.xcdatamodel; path = rahmen.xcdatamodel; sourceTree = "<group>"; };
		3446D14C1ECEABD10045C8F0 /* Assets.xcassets */ = {isa = PBXFileReference; lastKnownFileType = folder.assetcatalog; path = Assets.xcassets; sourceTree = "<group>"; };
		3446D14F1ECEABD10045C8F0 /* Base */ = {isa = PBXFileReference; lastKnownFileType = file.storyboard; name = Base; path = Base.lproj/LaunchScreen.storyboard; sourceTree = "<group>"; };
		3446D1511ECEABD10045C8F0 /* Info.plist */ = {isa = PBXFileReference; lastKnownFileType = text.plist.xml; path = Info.plist; sourceTree = "<group>"; };
		66ABD8111A8E8F2D3FBF14B1 /* Pods-rahmen.debug.xcconfig */ = {isa = PBXFileReference; includeInIndex = 1; lastKnownFileType = text.xcconfig; name = "Pods-rahmen.debug.xcconfig"; path = "Pods/Target Support Files/Pods-rahmen/Pods-rahmen.debug.xcconfig"; sourceTree = "<group>"; };
		A0A7777EE4148749C8143E24 /* Pods-rahmen.release.xcconfig */ = {isa = PBXFileReference; includeInIndex = 1; lastKnownFileType = text.xcconfig; name = "Pods-rahmen.release.xcconfig"; path = "Pods/Target Support Files/Pods-rahmen/Pods-rahmen.release.xcconfig"; sourceTree = "<group>"; };
		A655CA74FB2946CC54E8D666 /* libPods-rahmen.a */ = {isa = PBXFileReference; explicitFileType = archive.ar; includeInIndex = 0; path = "libPods-rahmen.a"; sourceTree = BUILT_PRODUCTS_DIR; };
/* End PBXFileReference section */

/* Begin PBXFrameworksBuildPhase section */
		3446D1371ECEABD00045C8F0 /* Frameworks */ = {
			isa = PBXFrameworksBuildPhase;
			buildActionMask = 2147483647;
			files = (
				9AF79F0F514EA5D711AEF69B /* libPods-rahmen.a in Frameworks */,
			);
			runOnlyForDeploymentPostprocessing = 0;
		};
/* End PBXFrameworksBuildPhase section */

/* Begin PBXGroup section */
		3446D1311ECEABD00045C8F0 = {
			isa = PBXGroup;
			children = (
				3446D13C1ECEABD00045C8F0 /* rahmen */,
				3446D13B1ECEABD00045C8F0 /* Products */,
				510E10F13DA7F0608AAD22C8 /* Pods */,
				E50A8918AA0B58AFDDCC2E98 /* Frameworks */,
			);
			sourceTree = "<group>";
		};
		3446D13B1ECEABD00045C8F0 /* Products */ = {
			isa = PBXGroup;
			children = (
				3446D13A1ECEABD00045C8F0 /* rahmen.app */,
			);
			name = Products;
			sourceTree = "<group>";
		};
		3446D13C1ECEABD00045C8F0 /* rahmen */ = {
			isa = PBXGroup;
			children = (
				3446D1401ECEABD00045C8F0 /* AppDelegate.h */,
				3446D1411ECEABD00045C8F0 /* AppDelegate.m */,
				3446D1431ECEABD00045C8F0 /* ViewController.h */,
				3446D1441ECEABD00045C8F0 /* ViewController.m */,
				3446D1461ECEABD00045C8F0 /* Main.storyboard */,
				3446D14C1ECEABD10045C8F0 /* Assets.xcassets */,
				3446D14E1ECEABD10045C8F0 /* LaunchScreen.storyboard */,
				3446D1511ECEABD10045C8F0 /* Info.plist */,
				3446D1491ECEABD00045C8F0 /* rahmen.xcdatamodeld */,
				3446D13D1ECEABD00045C8F0 /* Supporting Files */,
			);
			path = rahmen;
			sourceTree = "<group>";
		};
		3446D13D1ECEABD00045C8F0 /* Supporting Files */ = {
			isa = PBXGroup;
			children = (
				3446D13E1ECEABD00045C8F0 /* main.m */,
			);
			name = "Supporting Files";
			sourceTree = "<group>";
		};
		510E10F13DA7F0608AAD22C8 /* Pods */ = {
			isa = PBXGroup;
			children = (
				66ABD8111A8E8F2D3FBF14B1 /* Pods-rahmen.debug.xcconfig */,
				A0A7777EE4148749C8143E24 /* Pods-rahmen.release.xcconfig */,
			);
			name = Pods;
			sourceTree = "<group>";
		};
		E50A8918AA0B58AFDDCC2E98 /* Frameworks */ = {
			isa = PBXGroup;
			children = (
				A655CA74FB2946CC54E8D666 /* libPods-rahmen.a */,
			);
			name = Frameworks;
			sourceTree = "<group>";
		};
/* End PBXGroup section */

/* Begin PBXNativeTarget section */
		3446D1391ECEABD00045C8F0 /* rahmen */ = {
			isa = PBXNativeTarget;
			buildConfigurationList = 3446D1541ECEABD10045C8F0 /* Build configuration list for PBXNativeTarget "rahmen" */;
			buildPhases = (
				2429F1CC3A3E9D1099FD20B2 /* [CP] Check Pods Manifest.lock */,
				3446D1361ECEABD00045C8F0 /* Sources */,
				3446D1371ECEABD00045C8F0 /* Frameworks */,
				3446D1381ECEABD00045C8F0 /* Resources */,
				CE950C2C431CC6CD55696A89 /* [CP] Embed Pods Frameworks */,
				E45B534AED6980FFB9CDB31B /* [CP] Copy Pods Resources */,
			);
			buildRules = (
			);
			dependencies = (
			);
			name = rahmen;
			productName = rahmen;
			productReference = 3446D13A1ECEABD00045C8F0 /* rahmen.app */;
			productType = "com.apple.product-type.application";
		};
/* End PBXNativeTarget section */

/* Begin PBXProject section */
		3446D1321ECEABD00045C8F0 /* Project object */ = {
			isa = PBXProject;
			attributes = {
				LastUpgradeCheck = 0820;
				ORGANIZATIONNAME = yulei;
				TargetAttributes = {
					3446D1391ECEABD00045C8F0 = {
						CreatedOnToolsVersion = 8.2.1;
						ProvisioningStyle = Automatic;
					};
				};
			};
			buildConfigurationList = 3446D1351ECEABD00045C8F0 /* Build configuration list for PBXProject "rahmen" */;
			compatibilityVersion = "Xcode 3.2";
			developmentRegion = English;
			hasScannedForEncodings = 0;
			knownRegions = (
				en,
				Base,
			);
			mainGroup = 3446D1311ECEABD00045C8F0;
			productRefGroup = 3446D13B1ECEABD00045C8F0 /* Products */;
			projectDirPath = "";
			projectRoot = "";
			targets = (
				3446D1391ECEABD00045C8F0 /* rahmen */,
			);
		};
/* End PBXProject section */

/* Begin PBXResourcesBuildPhase section */
		3446D1381ECEABD00045C8F0 /* Resources */ = {
			isa = PBXResourcesBuildPhase;
			buildActionMask = 2147483647;
			files = (
				3446D1501ECEABD10045C8F0 /* LaunchScreen.storyboard in Resources */,
				3446D14D1ECEABD10045C8F0 /* Assets.xcassets in Resources */,
				3446D1481ECEABD00045C8F0 /* Main.storyboard in Resources */,
			);
			runOnlyForDeploymentPostprocessing = 0;
		};
/* End PBXResourcesBuildPhase section */

/* Begin PBXShellScriptBuildPhase section */
		2429F1CC3A3E9D1099FD20B2 /* [CP] Check Pods Manifest.lock */ = {
			isa = PBXShellScriptBuildPhase;
			buildActionMask = 2147483647;
			files = (
			);
			inputPaths = (
			);
			name = "[CP] Check Pods Manifest.lock";
			outputPaths = (
			);
			runOnlyForDeploymentPostprocessing = 0;
			shellPath = /bin/sh;
			shellScript = "diff \"${PODS_ROOT}/../Podfile.lock\" \"${PODS_ROOT}/Manifest.lock\" > /dev/null\nif [[ $? != 0 ]] ; then\n    cat << EOM\nerror: The sandbox is not in sync with the Podfile.lock. Run 'pod install' or update your CocoaPods installation.\nEOM\n    exit 1\nfi\n";
			showEnvVarsInLog = 0;
		};
		CE950C2C431CC6CD55696A89 /* [CP] Embed Pods Frameworks */ = {
			isa = PBXShellScriptBuildPhase;
			buildActionMask = 2147483647;
			files = (
			);
			inputPaths = (
			);
			name = "[CP] Embed Pods Frameworks";
			outputPaths = (
			);
			runOnlyForDeploymentPostprocessing = 0;
			shellPath = /bin/sh;
			shellScript = "\"${SRCROOT}/Pods/Target Support Files/Pods-rahmen/Pods-rahmen-frameworks.sh\"\n";
			showEnvVarsInLog = 0;
		};
		E45B534AED6980FFB9CDB31B /* [CP] Copy Pods Resources */ = {
			isa = PBXShellScriptBuildPhase;
			buildActionMask = 2147483647;
			files = (
			);
			inputPaths = (
			);
			name = "[CP] Copy Pods Resources";
			outputPaths = (
			);
			runOnlyForDeploymentPostprocessing = 0;
			shellPath = /bin/sh;
			shellScript = "\"${SRCROOT}/Pods/Target Support Files/Pods-rahmen/Pods-rahmen-resources.sh\"\n";
			showEnvVarsInLog = 0;
		};
/* End PBXShellScriptBuildPhase section */

/* Begin PBXSourcesBuildPhase section */
		3446D1361ECEABD00045C8F0 /* Sources */ = {
			isa = PBXSourcesBuildPhase;
			buildActionMask = 2147483647;
			files = (
				3446D1451ECEABD00045C8F0 /* ViewController.m in Sources */,
				3446D1421ECEABD00045C8F0 /* AppDelegate.m in Sources */,
				3446D14B1ECEABD00045C8F0 /* rahmen.xcdatamodeld in Sources */,
				3446D13F1ECEABD00045C8F0 /* main.m in Sources */,
			);
			runOnlyForDeploymentPostprocessing = 0;
		};
/* End PBXSourcesBuildPhase section */

/* Begin PBXVariantGroup section */
		3446D1461ECEABD00045C8F0 /* Main.storyboard */ = {
			isa = PBXVariantGroup;
			children = (
				3446D1471ECEABD00045C8F0 /* Base */,
			);
			name = Main.storyboard;
			sourceTree = "<group>";
		};
		3446D14E1ECEABD10045C8F0 /* LaunchScreen.storyboard */ = {
			isa = PBXVariantGroup;
			children = (
				3446D14F1ECEABD10045C8F0 /* Base */,
			);
			name = LaunchScreen.storyboard;
			sourceTree = "<group>";
		};
/* End PBXVariantGroup section */

/* Begin XCBuildConfiguration section */
		3446D1521ECEABD10045C8F0 /* Debug */ = {
			isa = XCBuildConfiguration;
			buildSettings = {
				ALWAYS_SEARCH_USER_PATHS = NO;
				CLANG_ANALYZER_NONNULL = YES;
				CLANG_CXX_LANGUAGE_STANDARD = "gnu++0x";
				CLANG_CXX_LIBRARY = "libc++";
				CLANG_ENABLE_MODULES = YES;
				CLANG_ENABLE_OBJC_ARC = YES;
				CLANG_WARN_BOOL_CONVERSION = YES;
				CLANG_WARN_CONSTANT_CONVERSION = YES;
				CLANG_WARN_DIRECT_OBJC_ISA_USAGE = YES_ERROR;
				CLANG_WARN_DOCUMENTATION_COMMENTS = YES;
				CLANG_WARN_EMPTY_BODY = YES;
				CLANG_WARN_ENUM_CONVERSION = YES;
				CLANG_WARN_INFINITE_RECURSION = YES;
				CLANG_WARN_INT_CONVERSION = YES;
				CLANG_WARN_OBJC_ROOT_CLASS = YES_ERROR;
				CLANG_WARN_SUSPICIOUS_MOVE = YES;
				CLANG_WARN_UNREACHABLE_CODE = YES;
				CLANG_WARN__DUPLICATE_METHOD_MATCH = YES;
				"CODE_SIGN_IDENTITY[sdk=iphoneos*]" = "iPhone Developer";
				COPY_PHASE_STRIP = NO;
				DEBUG_INFORMATION_FORMAT = dwarf;
				ENABLE_STRICT_OBJC_MSGSEND = YES;
				ENABLE_TESTABILITY = YES;
				GCC_C_LANGUAGE_STANDARD = gnu99;
				GCC_DYNAMIC_NO_PIC = NO;
				GCC_NO_COMMON_BLOCKS = YES;
				GCC_OPTIMIZATION_LEVEL = 0;
				GCC_PREPROCESSOR_DEFINITIONS = (
					"DEBUG=1",
					"$(inherited)",
				);
				GCC_WARN_64_TO_32_BIT_CONVERSION = YES;
				GCC_WARN_ABOUT_RETURN_TYPE = YES_ERROR;
				GCC_WARN_UNDECLARED_SELECTOR = YES;
				GCC_WARN_UNINITIALIZED_AUTOS = YES_AGGRESSIVE;
				GCC_WARN_UNUSED_FUNCTION = YES;
				GCC_WARN_UNUSED_VARIABLE = YES;
				IPHONEOS_DEPLOYMENT_TARGET = 10.2;
				MTL_ENABLE_DEBUG_INFO = YES;
				ONLY_ACTIVE_ARCH = YES;
				SDKROOT = iphoneos;
			};
			name = Debug;
		};
		3446D1531ECEABD10045C8F0 /* Release */ = {
			isa = XCBuildConfiguration;
			buildSettings = {
				ALWAYS_SEARCH_USER_PATHS = NO;
				CLANG_ANALYZER_NONNULL = YES;
				CLANG_CXX_LANGUAGE_STANDARD = "gnu++0x";
				CLANG_CXX_LIBRARY = "libc++";
				CLANG_ENABLE_MODULES = YES;
				CLANG_ENABLE_OBJC_ARC = YES;
				CLANG_WARN_BOOL_CONVERSION = YES;
				CLANG_WARN_CONSTANT_CONVERSION = YES;
				CLANG_WARN_DIRECT_OBJC_ISA_USAGE = YES_ERROR;
				CLANG_WARN_DOCUMENTATION_COMMENTS = YES;
				CLANG_WARN_EMPTY_BODY = YES;
				CLANG_WARN_ENUM_CONVERSION = YES;
				CLANG_WARN_INFINITE_RECURSION = YES;
				CLANG_WARN_INT_CONVERSION = YES;
				CLANG_WARN_OBJC_ROOT_CLASS = YES_ERROR;
				CLANG_WARN_SUSPICIOUS_MOVE = YES;
				CLANG_WARN_UNREACHABLE_CODE = YES;
				CLANG_WARN__DUPLICATE_METHOD_MATCH = YES;
				"CODE_SIGN_IDENTITY[sdk=iphoneos*]" = "iPhone Developer";
				COPY_PHASE_STRIP = NO;
				DEBUG_INFORMATION_FORMAT = "dwarf-with-dsym";
				ENABLE_NS_ASSERTIONS = NO;
				ENABLE_STRICT_OBJC_MSGSEND = YES;
				GCC_C_LANGUAGE_STANDARD = gnu99;
				GCC_NO_COMMON_BLOCKS = YES;
				GCC_WARN_64_TO_32_BIT_CONVERSION = YES;
				GCC_WARN_ABOUT_RETURN_TYPE = YES_ERROR;
				GCC_WARN_UNDECLARED_SELECTOR = YES;
				GCC_WARN_UNINITIALIZED_AUTOS = YES_AGGRESSIVE;
				GCC_WARN_UNUSED_FUNCTION = YES;
				GCC_WARN_UNUSED_VARIABLE = YES;
				IPHONEOS_DEPLOYMENT_TARGET = 10.2;
				MTL_ENABLE_DEBUG_INFO = NO;
				SDKROOT = iphoneos;
				VALIDATE_PRODUCT = YES;
			};
			name = Release;
		};
		3446D1551ECEABD10045C8F0 /* Debug */ = {
			isa = XCBuildConfiguration;
			baseConfigurationReference = 66ABD8111A8E8F2D3FBF14B1 /* Pods-rahmen.debug.xcconfig */;
			buildSettings = {
				ASSETCATALOG_COMPILER_APPICON_NAME = AppIcon;
				INFOPLIST_FILE = rahmen/Info.plist;
				LD_RUNPATH_SEARCH_PATHS = "$(inherited) @executable_path/Frameworks";
				PRODUCT_BUNDLE_IDENTIFIER = com.sego.rimi.rahmen;
				PRODUCT_NAME = "$(TARGET_NAME)";
			};
			name = Debug;
		};
		3446D1561ECEABD10045C8F0 /* Release */ = {
			isa = XCBuildConfiguration;
			baseConfigurationReference = A0A7777EE4148749C8143E24 /* Pods-rahmen.release.xcconfig */;
			buildSettings = {
				ASSETCATALOG_COMPILER_APPICON_NAME = AppIcon;
				INFOPLIST_FILE = rahmen/Info.plist;
				LD_RUNPATH_SEARCH_PATHS = "$(inherited) @executable_path/Frameworks";
				PRODUCT_BUNDLE_IDENTIFIER = com.sego.rimi.rahmen;
				PRODUCT_NAME = "$(TARGET_NAME)";
			};
			name = Release;
		};
/* End XCBuildConfiguration section */

/* Begin XCConfigurationList section */
		3446D1351ECEABD00045C8F0 /* Build configuration list for PBXProject "rahmen" */ = {
			isa = XCConfigurationList;
			buildConfigurations = (
				3446D1521ECEABD10045C8F0 /* Debug */,
				3446D1531ECEABD10045C8F0 /* Release */,
			);
			defaultConfigurationIsVisible = 0;
			defaultConfigurationName = Release;
		};
		3446D1541ECEABD10045C8F0 /* Build configuration list for PBXNativeTarget "rahmen" */ = {
			isa = XCConfigurationList;
			buildConfigurations = (
				3446D1551ECEABD10045C8F0 /* Debug */,
				3446D1561ECEABD10045C8F0 /* Release */,
			);
			defaultConfigurationIsVisible = 0;
			defaultConfigurationName = Release;
		};
/* End XCConfigurationList section */

/* Begin XCVersionGroup section */
		3446D1491ECEABD00045C8F0 /* rahmen.xcdatamodeld */ = {
			isa = XCVersionGroup;
			children = (
				3446D14A1ECEABD00045C8F0 /* rahmen.xcdatamodel */,
			);
			currentVersion = 3446D14A1ECEABD00045C8F0 /* rahmen.xcdatamodel */;
			path = rahmen.xcdatamodeld;
			sourceTree = "<group>";
			versionGroupType = wrapper.xcdatamodel;
		};
/* End XCVersionGroup section */
	};
	rootObject = 3446D1321ECEABD00045C8F0 /* Project object */;
}
