// !$*UTF8*$!
{
	archiveVersion = 1;
	classes = {
	};
	objectVersion = 46;
	objects = {

/* Begin PBXBuildFile section */
		3446D13F1ECEABD00045C8F0 /* main.m in Sources */ = {isa = PBXBuildFile; fileRef = 3446D13E1ECEABD00045C8F0 /* main.m */; };
		3446D1481ECEABD00045C8F0 /* Main.storyboard in Resources */ = {isa = PBXBuildFile; fileRef = 3446D1461ECEABD00045C8F0 /* Main.storyboard */; };
		3446D14B1ECEABD00045C8F0 /* rahmen.xcdatamodeld in Sources */ = {isa = PBXBuildFile; fileRef = 3446D1491ECEABD00045C8F0 /* rahmen.xcdatamodeld */; };
		3446D14D1ECEABD10045C8F0 /* Assets.xcassets in Resources */ = {isa = PBXBuildFile; fileRef = 3446D14C1ECEABD10045C8F0 /* Assets.xcassets */; };
		3446D1501ECEABD10045C8F0 /* LaunchScreen.storyboard in Resources */ = {isa = PBXBuildFile; fileRef = 3446D14E1ECEABD10045C8F0 /* LaunchScreen.storyboard */; };
		7D426A361ED956FB0043B2CC /* Localizable.strings in Resources */ = {isa = PBXBuildFile; fileRef = 7D426A381ED956FB0043B2CC /* Localizable.strings */; };
		7D426A3C1ED9578C0043B2CC /* InfoPlist.strings in Resources */ = {isa = PBXBuildFile; fileRef = 7D426A3E1ED9578C0043B2CC /* InfoPlist.strings */; };
		7DDC5E6B1EDE64D4001877B5 /* AppDelegate.m in Sources */ = {isa = PBXBuildFile; fileRef = 7DDC5E681EDE64D4001877B5 /* AppDelegate.m */; };
		7DDC5E7B1EDE6A52001877B5 /* PopStartView.m in Sources */ = {isa = PBXBuildFile; fileRef = 7DDC5E741EDE6A52001877B5 /* PopStartView.m */; };
		7DDC5E7C1EDE6A52001877B5 /* BaseGridViewController.m in Sources */ = {isa = PBXBuildFile; fileRef = 7DDC5E761EDE6A52001877B5 /* BaseGridViewController.m */; };
		7DDC5E7D1EDE6A52001877B5 /* BaseViewController.m in Sources */ = {isa = PBXBuildFile; fileRef = 7DDC5E781EDE6A52001877B5 /* BaseViewController.m */; };
		7DDC5E7E1EDE6A52001877B5 /* BaseTabViewController.m in Sources */ = {isa = PBXBuildFile; fileRef = 7DDC5E7A1EDE6A52001877B5 /* BaseTabViewController.m */; };
		7DDC5EA41EDE6AC6001877B5 /* NSString+URLEncoding.m in Sources */ = {isa = PBXBuildFile; fileRef = 7DDC5E811EDE6AC6001877B5 /* NSString+URLEncoding.m */; };
		7DDC5EA51EDE6AC6001877B5 /* QFTableView.m in Sources */ = {isa = PBXBuildFile; fileRef = 7DDC5E831EDE6AC6001877B5 /* QFTableView.m */; };
		7DDC5EA61EDE6AC6001877B5 /* UIActionSheet+Blocks.m in Sources */ = {isa = PBXBuildFile; fileRef = 7DDC5E861EDE6AC6001877B5 /* UIActionSheet+Blocks.m */; };
		7DDC5EA71EDE6AC6001877B5 /* UIAlertView+Blocks.m in Sources */ = {isa = PBXBuildFile; fileRef = 7DDC5E891EDE6AC6001877B5 /* UIAlertView+Blocks.m */; };
		7DDC5EA81EDE6AC6001877B5 /* UIButton+Blocks.m in Sources */ = {isa = PBXBuildFile; fileRef = 7DDC5E8C1EDE6AC6001877B5 /* UIButton+Blocks.m */; };
		7DDC5EA91EDE6AC6001877B5 /* UIImage-Extensions.m in Sources */ = {isa = PBXBuildFile; fileRef = 7DDC5E8F1EDE6AC6001877B5 /* UIImage-Extensions.m */; };
		7DDC5EAA1EDE6AC6001877B5 /* UIView+Sizes.m in Sources */ = {isa = PBXBuildFile; fileRef = 7DDC5E911EDE6AC6001877B5 /* UIView+Sizes.m */; };
		7DDC5EAB1EDE6AC6001877B5 /* UIView+TapBlocks.m in Sources */ = {isa = PBXBuildFile; fileRef = 7DDC5E941EDE6AC6001877B5 /* UIView+TapBlocks.m */; };
		7DDC5EAC1EDE6AC6001877B5 /* UIViewController+HUD.m in Sources */ = {isa = PBXBuildFile; fileRef = 7DDC5E961EDE6AC6001877B5 /* UIViewController+HUD.m */; };
		7DDC5EAD1EDE6AC7001877B5 /* AppUtil.m in Sources */ = {isa = PBXBuildFile; fileRef = 7DDC5E9C1EDE6AC6001877B5 /* AppUtil.m */; };
		7DDC5EAE1EDE6AC7001877B5 /* Reachability.m in Sources */ = {isa = PBXBuildFile; fileRef = 7DDC5E9E1EDE6AC6001877B5 /* Reachability.m */; };
		7DDC5EAF1EDE6AC7001877B5 /* CycleScrollView.m in Sources */ = {isa = PBXBuildFile; fileRef = 7DDC5EA11EDE6AC6001877B5 /* CycleScrollView.m */; };
		7DDC5EB01EDE6AC7001877B5 /* NSTimer+Addition.m in Sources */ = {isa = PBXBuildFile; fileRef = 7DDC5EA31EDE6AC6001877B5 /* NSTimer+Addition.m */; };
		7DDC5EB61EDE6F77001877B5 /* HomeViewController.m in Sources */ = {isa = PBXBuildFile; fileRef = 7DDC5EB51EDE6F77001877B5 /* HomeViewController.m */; };
		7DDC5EB91EDE6F81001877B5 /* DeviceViewController.m in Sources */ = {isa = PBXBuildFile; fileRef = 7DDC5EB81EDE6F81001877B5 /* DeviceViewController.m */; };
		7DDC5EBC1EDE6F8C001877B5 /* AccountViewController.m in Sources */ = {isa = PBXBuildFile; fileRef = 7DDC5EBB1EDE6F8C001877B5 /* AccountViewController.m */; };
		7DDC5EC41EDE710C001877B5 /* Account@2x.png in Resources */ = {isa = PBXBuildFile; fileRef = 7DDC5EBE1EDE710C001877B5 /* Account@2x.png */; };
		7DDC5EC51EDE710C001877B5 /* Accountdian@2x.png in Resources */ = {isa = PBXBuildFile; fileRef = 7DDC5EBF1EDE710C001877B5 /* Accountdian@2x.png */; };
		7DDC5EC61EDE710C001877B5 /* devices@2x.png in Resources */ = {isa = PBXBuildFile; fileRef = 7DDC5EC01EDE710C001877B5 /* devices@2x.png */; };
		7DDC5EC71EDE710C001877B5 /* devicesdian@2x.png in Resources */ = {isa = PBXBuildFile; fileRef = 7DDC5EC11EDE710C001877B5 /* devicesdian@2x.png */; };
		7DDC5EC81EDE710C001877B5 /* home@2x.png in Resources */ = {isa = PBXBuildFile; fileRef = 7DDC5EC21EDE710C001877B5 /* home@2x.png */; };
		7DDC5EC91EDE710C001877B5 /* homedian@2x.png in Resources */ = {isa = PBXBuildFile; fileRef = 7DDC5EC31EDE710C001877B5 /* homedian@2x.png */; };
		7DDC5ECC1EDEA5D8001877B5 /* AppDelegate+Launcher.m in Sources */ = {isa = PBXBuildFile; fileRef = 7DDC5ECB1EDEA5D8001877B5 /* AppDelegate+Launcher.m */; };
		7DDC5ECF1EDEA776001877B5 /* LoginViewController.m in Sources */ = {isa = PBXBuildFile; fileRef = 7DDC5ECE1EDEA776001877B5 /* LoginViewController.m */; };
		7DDC5ED31EDEA80A001877B5 /* AccountManager.m in Sources */ = {isa = PBXBuildFile; fileRef = 7DDC5ED21EDEA80A001877B5 /* AccountManager.m */; };
		7DDC5ED61EDEA88E001877B5 /* LoginModel.m in Sources */ = {isa = PBXBuildFile; fileRef = 7DDC5ED51EDEA88E001877B5 /* LoginModel.m */; };
		7DDC5ED81EDEA970001877B5 /* launche@2x.png in Resources */ = {isa = PBXBuildFile; fileRef = 7DDC5ED71EDEA970001877B5 /* launche@2x.png */; };
		7DDC5EDB1EDEB111001877B5 /* MainTabViewController.m in Sources */ = {isa = PBXBuildFile; fileRef = 7DDC5EDA1EDEB111001877B5 /* MainTabViewController.m */; };
		7DDC5EDD1EDEBEAE001877B5 /* whitezi.png in Resources */ = {isa = PBXBuildFile; fileRef = 7DDC5EDC1EDEBEAE001877B5 /* whitezi.png */; };
		7DDC5EDF1EDEC6CD001877B5 /* huangzi.png in Resources */ = {isa = PBXBuildFile; fileRef = 7DDC5EDE1EDEC6CD001877B5 /* huangzi.png */; };
		7DDC5EE41EDED6E6001877B5 /* E-mail.png in Resources */ = {isa = PBXBuildFile; fileRef = 7DDC5EE01EDED6E6001877B5 /* E-mail.png */; };
		7DDC5EE51EDED6E6001877B5 /* logincode.png in Resources */ = {isa = PBXBuildFile; fileRef = 7DDC5EE11EDED6E6001877B5 /* logincode.png */; };
		7DDC5EE61EDED6E6001877B5 /* password.png in Resources */ = {isa = PBXBuildFile; fileRef = 7DDC5EE21EDED6E6001877B5 /* password.png */; };
		7DDC5EE71EDED6E6001877B5 /* username.png in Resources */ = {isa = PBXBuildFile; fileRef = 7DDC5EE31EDED6E6001877B5 /* username.png */; };
		9AF79F0F514EA5D711AEF69B /* libPods-rahmen.a in Frameworks */ = {isa = PBXBuildFile; fileRef = A655CA74FB2946CC54E8D666 /* libPods-rahmen.a */; };
/* End PBXBuildFile section */

/* Begin PBXFileReference section */
		3446D13A1ECEABD00045C8F0 /* rahmen.app */ = {isa = PBXFileReference; explicitFileType = wrapper.application; includeInIndex = 0; path = rahmen.app; sourceTree = BUILT_PRODUCTS_DIR; };
		3446D13E1ECEABD00045C8F0 /* main.m */ = {isa = PBXFileReference; lastKnownFileType = sourcecode.c.objc; path = main.m; sourceTree = "<group>"; };
		3446D1471ECEABD00045C8F0 /* Base */ = {isa = PBXFileReference; lastKnownFileType = file.storyboard; name = Base; path = Base.lproj/Main.storyboard; sourceTree = "<group>"; };
		3446D14A1ECEABD00045C8F0 /* rahmen.xcdatamodel */ = {isa = PBXFileReference; lastKnownFileType = wrapper.xcdatamodel; path = rahmen.xcdatamodel; sourceTree = "<group>"; };
		3446D14C1ECEABD10045C8F0 /* Assets.xcassets */ = {isa = PBXFileReference; lastKnownFileType = folder.assetcatalog; path = Assets.xcassets; sourceTree = "<group>"; };
		3446D14F1ECEABD10045C8F0 /* Base */ = {isa = PBXFileReference; lastKnownFileType = file.storyboard; name = Base; path = Base.lproj/LaunchScreen.storyboard; sourceTree = "<group>"; };
		3446D1511ECEABD10045C8F0 /* Info.plist */ = {isa = PBXFileReference; lastKnownFileType = text.plist.xml; path = Info.plist; sourceTree = "<group>"; };
		66ABD8111A8E8F2D3FBF14B1 /* Pods-rahmen.debug.xcconfig */ = {isa = PBXFileReference; includeInIndex = 1; lastKnownFileType = text.xcconfig; name = "Pods-rahmen.debug.xcconfig"; path = "Pods/Target Support Files/Pods-rahmen/Pods-rahmen.debug.xcconfig"; sourceTree = "<group>"; };
		7D426A2C1ED955680043B2CC /* zh-Hans */ = {isa = PBXFileReference; lastKnownFileType = text.plist.strings; name = "zh-Hans"; path = "zh-Hans.lproj/Main.strings"; sourceTree = "<group>"; };
		7D426A2D1ED955680043B2CC /* zh-Hans */ = {isa = PBXFileReference; lastKnownFileType = text.plist.strings; name = "zh-Hans"; path = "zh-Hans.lproj/LaunchScreen.strings"; sourceTree = "<group>"; };
		7D426A371ED956FB0043B2CC /* en */ = {isa = PBXFileReference; lastKnownFileType = text.plist.strings; name = en; path = en.lproj/Localizable.strings; sourceTree = "<group>"; };
		7D426A391ED956FD0043B2CC /* zh-Hans */ = {isa = PBXFileReference; lastKnownFileType = text.plist.strings; name = "zh-Hans"; path = "zh-Hans.lproj/Localizable.strings"; sourceTree = "<group>"; };
		7D426A3D1ED9578C0043B2CC /* en */ = {isa = PBXFileReference; lastKnownFileType = text.plist.strings; name = en; path = en.lproj/InfoPlist.strings; sourceTree = "<group>"; };
		7D426A3F1ED9578D0043B2CC /* zh-Hans */ = {isa = PBXFileReference; lastKnownFileType = text.plist.strings; name = "zh-Hans"; path = "zh-Hans.lproj/InfoPlist.strings"; sourceTree = "<group>"; };
		7DC5A8761ED81E15008F61DA /* PrefixHeader.pch */ = {isa = PBXFileReference; lastKnownFileType = sourcecode.c.h; path = PrefixHeader.pch; sourceTree = "<group>"; };
		7DDC5E671EDE64D4001877B5 /* AppDelegate.h */ = {isa = PBXFileReference; fileEncoding = 4; lastKnownFileType = sourcecode.c.h; path = AppDelegate.h; sourceTree = "<group>"; };
		7DDC5E681EDE64D4001877B5 /* AppDelegate.m */ = {isa = PBXFileReference; fileEncoding = 4; lastKnownFileType = sourcecode.c.objc; path = AppDelegate.m; sourceTree = "<group>"; };
		7DDC5E731EDE6A52001877B5 /* PopStartView.h */ = {isa = PBXFileReference; fileEncoding = 4; lastKnownFileType = sourcecode.c.h; path = PopStartView.h; sourceTree = "<group>"; };
		7DDC5E741EDE6A52001877B5 /* PopStartView.m */ = {isa = PBXFileReference; fileEncoding = 4; lastKnownFileType = sourcecode.c.objc; path = PopStartView.m; sourceTree = "<group>"; };
		7DDC5E751EDE6A52001877B5 /* BaseGridViewController.h */ = {isa = PBXFileReference; fileEncoding = 4; lastKnownFileType = sourcecode.c.h; path = BaseGridViewController.h; sourceTree = "<group>"; };
		7DDC5E761EDE6A52001877B5 /* BaseGridViewController.m */ = {isa = PBXFileReference; fileEncoding = 4; lastKnownFileType = sourcecode.c.objc; path = BaseGridViewController.m; sourceTree = "<group>"; };
		7DDC5E771EDE6A52001877B5 /* BaseViewController.h */ = {isa = PBXFileReference; fileEncoding = 4; lastKnownFileType = sourcecode.c.h; path = BaseViewController.h; sourceTree = "<group>"; };
		7DDC5E781EDE6A52001877B5 /* BaseViewController.m */ = {isa = PBXFileReference; fileEncoding = 4; lastKnownFileType = sourcecode.c.objc; path = BaseViewController.m; sourceTree = "<group>"; };
		7DDC5E791EDE6A52001877B5 /* BaseTabViewController.h */ = {isa = PBXFileReference; fileEncoding = 4; lastKnownFileType = sourcecode.c.h; path = BaseTabViewController.h; sourceTree = "<group>"; };
		7DDC5E7A1EDE6A52001877B5 /* BaseTabViewController.m */ = {isa = PBXFileReference; fileEncoding = 4; lastKnownFileType = sourcecode.c.objc; path = BaseTabViewController.m; sourceTree = "<group>"; };
		7DDC5E801EDE6AC6001877B5 /* NSString+URLEncoding.h */ = {isa = PBXFileReference; fileEncoding = 4; lastKnownFileType = sourcecode.c.h; path = "NSString+URLEncoding.h"; sourceTree = "<group>"; };
		7DDC5E811EDE6AC6001877B5 /* NSString+URLEncoding.m */ = {isa = PBXFileReference; fileEncoding = 4; lastKnownFileType = sourcecode.c.objc; path = "NSString+URLEncoding.m"; sourceTree = "<group>"; };
		7DDC5E821EDE6AC6001877B5 /* QFTableView.h */ = {isa = PBXFileReference; fileEncoding = 4; lastKnownFileType = sourcecode.c.h; path = QFTableView.h; sourceTree = "<group>"; };
		7DDC5E831EDE6AC6001877B5 /* QFTableView.m */ = {isa = PBXFileReference; fileEncoding = 4; lastKnownFileType = sourcecode.c.objc; path = QFTableView.m; sourceTree = "<group>"; };
		7DDC5E851EDE6AC6001877B5 /* UIActionSheet+Blocks.h */ = {isa = PBXFileReference; fileEncoding = 4; lastKnownFileType = sourcecode.c.h; path = "UIActionSheet+Blocks.h"; sourceTree = "<group>"; };
		7DDC5E861EDE6AC6001877B5 /* UIActionSheet+Blocks.m */ = {isa = PBXFileReference; fileEncoding = 4; lastKnownFileType = sourcecode.c.objc; path = "UIActionSheet+Blocks.m"; sourceTree = "<group>"; };
		7DDC5E881EDE6AC6001877B5 /* UIAlertView+Blocks.h */ = {isa = PBXFileReference; fileEncoding = 4; lastKnownFileType = sourcecode.c.h; path = "UIAlertView+Blocks.h"; sourceTree = "<group>"; };
		7DDC5E891EDE6AC6001877B5 /* UIAlertView+Blocks.m */ = {isa = PBXFileReference; fileEncoding = 4; lastKnownFileType = sourcecode.c.objc; path = "UIAlertView+Blocks.m"; sourceTree = "<group>"; };
		7DDC5E8B1EDE6AC6001877B5 /* UIButton+Blocks.h */ = {isa = PBXFileReference; fileEncoding = 4; lastKnownFileType = sourcecode.c.h; path = "UIButton+Blocks.h"; sourceTree = "<group>"; };
		7DDC5E8C1EDE6AC6001877B5 /* UIButton+Blocks.m */ = {isa = PBXFileReference; fileEncoding = 4; lastKnownFileType = sourcecode.c.objc; path = "UIButton+Blocks.m"; sourceTree = "<group>"; };
		7DDC5E8E1EDE6AC6001877B5 /* UIImage-Extensions.h */ = {isa = PBXFileReference; fileEncoding = 4; lastKnownFileType = sourcecode.c.h; path = "UIImage-Extensions.h"; sourceTree = "<group>"; };
		7DDC5E8F1EDE6AC6001877B5 /* UIImage-Extensions.m */ = {isa = PBXFileReference; fileEncoding = 4; lastKnownFileType = sourcecode.c.objc; path = "UIImage-Extensions.m"; sourceTree = "<group>"; };
		7DDC5E901EDE6AC6001877B5 /* UIView+Sizes.h */ = {isa = PBXFileReference; fileEncoding = 4; lastKnownFileType = sourcecode.c.h; path = "UIView+Sizes.h"; sourceTree = "<group>"; };
		7DDC5E911EDE6AC6001877B5 /* UIView+Sizes.m */ = {isa = PBXFileReference; fileEncoding = 4; lastKnownFileType = sourcecode.c.objc; path = "UIView+Sizes.m"; sourceTree = "<group>"; };
		7DDC5E931EDE6AC6001877B5 /* UIView+TapBlocks.h */ = {isa = PBXFileReference; fileEncoding = 4; lastKnownFileType = sourcecode.c.h; path = "UIView+TapBlocks.h"; sourceTree = "<group>"; };
		7DDC5E941EDE6AC6001877B5 /* UIView+TapBlocks.m */ = {isa = PBXFileReference; fileEncoding = 4; lastKnownFileType = sourcecode.c.objc; path = "UIView+TapBlocks.m"; sourceTree = "<group>"; };
		7DDC5E951EDE6AC6001877B5 /* UIViewController+HUD.h */ = {isa = PBXFileReference; fileEncoding = 4; lastKnownFileType = sourcecode.c.h; path = "UIViewController+HUD.h"; sourceTree = "<group>"; };
		7DDC5E961EDE6AC6001877B5 /* UIViewController+HUD.m */ = {isa = PBXFileReference; fileEncoding = 4; lastKnownFileType = sourcecode.c.objc; path = "UIViewController+HUD.m"; sourceTree = "<group>"; };
		7DDC5E981EDE6AC6001877B5 /* Definition.h */ = {isa = PBXFileReference; fileEncoding = 4; lastKnownFileType = sourcecode.c.h; path = Definition.h; sourceTree = "<group>"; };
		7DDC5E991EDE6AC6001877B5 /* Notification.h */ = {isa = PBXFileReference; fileEncoding = 4; lastKnownFileType = sourcecode.c.h; path = Notification.h; sourceTree = "<group>"; };
		7DDC5E9B1EDE6AC6001877B5 /* AppUtil.h */ = {isa = PBXFileReference; fileEncoding = 4; lastKnownFileType = sourcecode.c.h; path = AppUtil.h; sourceTree = "<group>"; };
		7DDC5E9C1EDE6AC6001877B5 /* AppUtil.m */ = {isa = PBXFileReference; fileEncoding = 4; lastKnownFileType = sourcecode.c.objc; path = AppUtil.m; sourceTree = "<group>"; };
		7DDC5E9D1EDE6AC6001877B5 /* Reachability.h */ = {isa = PBXFileReference; fileEncoding = 4; lastKnownFileType = sourcecode.c.h; path = Reachability.h; sourceTree = "<group>"; };
		7DDC5E9E1EDE6AC6001877B5 /* Reachability.m */ = {isa = PBXFileReference; fileEncoding = 4; lastKnownFileType = sourcecode.c.objc; path = Reachability.m; sourceTree = "<group>"; };
		7DDC5EA01EDE6AC6001877B5 /* CycleScrollView.h */ = {isa = PBXFileReference; fileEncoding = 4; lastKnownFileType = sourcecode.c.h; path = CycleScrollView.h; sourceTree = "<group>"; };
		7DDC5EA11EDE6AC6001877B5 /* CycleScrollView.m */ = {isa = PBXFileReference; fileEncoding = 4; lastKnownFileType = sourcecode.c.objc; path = CycleScrollView.m; sourceTree = "<group>"; };
		7DDC5EA21EDE6AC6001877B5 /* NSTimer+Addition.h */ = {isa = PBXFileReference; fileEncoding = 4; lastKnownFileType = sourcecode.c.h; path = "NSTimer+Addition.h"; sourceTree = "<group>"; };
		7DDC5EA31EDE6AC6001877B5 /* NSTimer+Addition.m */ = {isa = PBXFileReference; fileEncoding = 4; lastKnownFileType = sourcecode.c.objc; path = "NSTimer+Addition.m"; sourceTree = "<group>"; };
		7DDC5EB41EDE6F77001877B5 /* HomeViewController.h */ = {isa = PBXFileReference; fileEncoding = 4; lastKnownFileType = sourcecode.c.h; path = HomeViewController.h; sourceTree = "<group>"; };
		7DDC5EB51EDE6F77001877B5 /* HomeViewController.m */ = {isa = PBXFileReference; fileEncoding = 4; lastKnownFileType = sourcecode.c.objc; path = HomeViewController.m; sourceTree = "<group>"; };
		7DDC5EB71EDE6F81001877B5 /* DeviceViewController.h */ = {isa = PBXFileReference; fileEncoding = 4; lastKnownFileType = sourcecode.c.h; path = DeviceViewController.h; sourceTree = "<group>"; };
		7DDC5EB81EDE6F81001877B5 /* DeviceViewController.m */ = {isa = PBXFileReference; fileEncoding = 4; lastKnownFileType = sourcecode.c.objc; path = DeviceViewController.m; sourceTree = "<group>"; };
		7DDC5EBA1EDE6F8C001877B5 /* AccountViewController.h */ = {isa = PBXFileReference; fileEncoding = 4; lastKnownFileType = sourcecode.c.h; path = AccountViewController.h; sourceTree = "<group>"; };
		7DDC5EBB1EDE6F8C001877B5 /* AccountViewController.m */ = {isa = PBXFileReference; fileEncoding = 4; lastKnownFileType = sourcecode.c.objc; path = AccountViewController.m; sourceTree = "<group>"; };
		7DDC5EBE1EDE710C001877B5 /* Account@2x.png */ = {isa = PBXFileReference; lastKnownFileType = image.png; path = "Account@2x.png"; sourceTree = "<group>"; };
		7DDC5EBF1EDE710C001877B5 /* Accountdian@2x.png */ = {isa = PBXFileReference; lastKnownFileType = image.png; path = "Accountdian@2x.png"; sourceTree = "<group>"; };
		7DDC5EC01EDE710C001877B5 /* devices@2x.png */ = {isa = PBXFileReference; lastKnownFileType = image.png; path = "devices@2x.png"; sourceTree = "<group>"; };
		7DDC5EC11EDE710C001877B5 /* devicesdian@2x.png */ = {isa = PBXFileReference; lastKnownFileType = image.png; path = "devicesdian@2x.png"; sourceTree = "<group>"; };
		7DDC5EC21EDE710C001877B5 /* home@2x.png */ = {isa = PBXFileReference; lastKnownFileType = image.png; path = "home@2x.png"; sourceTree = "<group>"; };
		7DDC5EC31EDE710C001877B5 /* homedian@2x.png */ = {isa = PBXFileReference; lastKnownFileType = image.png; path = "homedian@2x.png"; sourceTree = "<group>"; };
		7DDC5ECA1EDEA5D8001877B5 /* AppDelegate+Launcher.h */ = {isa = PBXFileReference; fileEncoding = 4; lastKnownFileType = sourcecode.c.h; path = "AppDelegate+Launcher.h"; sourceTree = "<group>"; };
		7DDC5ECB1EDEA5D8001877B5 /* AppDelegate+Launcher.m */ = {isa = PBXFileReference; fileEncoding = 4; lastKnownFileType = sourcecode.c.objc; path = "AppDelegate+Launcher.m"; sourceTree = "<group>"; };
		7DDC5ECD1EDEA776001877B5 /* LoginViewController.h */ = {isa = PBXFileReference; fileEncoding = 4; lastKnownFileType = sourcecode.c.h; path = LoginViewController.h; sourceTree = "<group>"; };
		7DDC5ECE1EDEA776001877B5 /* LoginViewController.m */ = {isa = PBXFileReference; fileEncoding = 4; lastKnownFileType = sourcecode.c.objc; path = LoginViewController.m; sourceTree = "<group>"; };
		7DDC5ED11EDEA80A001877B5 /* AccountManager.h */ = {isa = PBXFileReference; fileEncoding = 4; lastKnownFileType = sourcecode.c.h; path = AccountManager.h; sourceTree = "<group>"; };
		7DDC5ED21EDEA80A001877B5 /* AccountManager.m */ = {isa = PBXFileReference; fileEncoding = 4; lastKnownFileType = sourcecode.c.objc; path = AccountManager.m; sourceTree = "<group>"; };
		7DDC5ED41EDEA88E001877B5 /* LoginModel.h */ = {isa = PBXFileReference; fileEncoding = 4; lastKnownFileType = sourcecode.c.h; path = LoginModel.h; sourceTree = "<group>"; };
		7DDC5ED51EDEA88E001877B5 /* LoginModel.m */ = {isa = PBXFileReference; fileEncoding = 4; lastKnownFileType = sourcecode.c.objc; path = LoginModel.m; sourceTree = "<group>"; };
		7DDC5ED71EDEA970001877B5 /* launche@2x.png */ = {isa = PBXFileReference; lastKnownFileType = image.png; path = "launche@2x.png"; sourceTree = "<group>"; };
		7DDC5ED91EDEB111001877B5 /* MainTabViewController.h */ = {isa = PBXFileReference; fileEncoding = 4; lastKnownFileType = sourcecode.c.h; path = MainTabViewController.h; sourceTree = "<group>"; };
		7DDC5EDA1EDEB111001877B5 /* MainTabViewController.m */ = {isa = PBXFileReference; fileEncoding = 4; lastKnownFileType = sourcecode.c.objc; path = MainTabViewController.m; sourceTree = "<group>"; };
		7DDC5EDC1EDEBEAE001877B5 /* whitezi.png */ = {isa = PBXFileReference; lastKnownFileType = image.png; path = whitezi.png; sourceTree = "<group>"; };
		7DDC5EDE1EDEC6CD001877B5 /* huangzi.png */ = {isa = PBXFileReference; lastKnownFileType = image.png; path = huangzi.png; sourceTree = "<group>"; };
		7DDC5EE01EDED6E6001877B5 /* E-mail.png */ = {isa = PBXFileReference; lastKnownFileType = image.png; path = "E-mail.png"; sourceTree = "<group>"; };
		7DDC5EE11EDED6E6001877B5 /* logincode.png */ = {isa = PBXFileReference; lastKnownFileType = image.png; path = logincode.png; sourceTree = "<group>"; };
		7DDC5EE21EDED6E6001877B5 /* password.png */ = {isa = PBXFileReference; lastKnownFileType = image.png; path = password.png; sourceTree = "<group>"; };
		7DDC5EE31EDED6E6001877B5 /* username.png */ = {isa = PBXFileReference; lastKnownFileType = image.png; path = username.png; sourceTree = "<group>"; };
		A0A7777EE4148749C8143E24 /* Pods-rahmen.release.xcconfig */ = {isa = PBXFileReference; includeInIndex = 1; lastKnownFileType = text.xcconfig; name = "Pods-rahmen.release.xcconfig"; path = "Pods/Target Support Files/Pods-rahmen/Pods-rahmen.release.xcconfig"; sourceTree = "<group>"; };
		A655CA74FB2946CC54E8D666 /* libPods-rahmen.a */ = {isa = PBXFileReference; explicitFileType = archive.ar; includeInIndex = 0; path = "libPods-rahmen.a"; sourceTree = BUILT_PRODUCTS_DIR; };
/* End PBXFileReference section */

/* Begin PBXFrameworksBuildPhase section */
		3446D1371ECEABD00045C8F0 /* Frameworks */ = {
			isa = PBXFrameworksBuildPhase;
			buildActionMask = 2147483647;
			files = (
				9AF79F0F514EA5D711AEF69B /* libPods-rahmen.a in Frameworks */,
			);
			runOnlyForDeploymentPostprocessing = 0;
		};
/* End PBXFrameworksBuildPhase section */

/* Begin PBXGroup section */
		3446D1311ECEABD00045C8F0 = {
			isa = PBXGroup;
			children = (
				3446D13C1ECEABD00045C8F0 /* rahmen */,
				3446D13B1ECEABD00045C8F0 /* Products */,
				510E10F13DA7F0608AAD22C8 /* Pods */,
				E50A8918AA0B58AFDDCC2E98 /* Frameworks */,
			);
			sourceTree = "<group>";
		};
		3446D13B1ECEABD00045C8F0 /* Products */ = {
			isa = PBXGroup;
			children = (
				3446D13A1ECEABD00045C8F0 /* rahmen.app */,
			);
			name = Products;
			sourceTree = "<group>";
		};
		3446D13C1ECEABD00045C8F0 /* rahmen */ = {
			isa = PBXGroup;
			children = (
				7DDC5E591EDE63F2001877B5 /* Classes */,
				3446D1461ECEABD00045C8F0 /* Main.storyboard */,
				3446D14C1ECEABD10045C8F0 /* Assets.xcassets */,
				3446D14E1ECEABD10045C8F0 /* LaunchScreen.storyboard */,
				3446D1511ECEABD10045C8F0 /* Info.plist */,
				7D426A3E1ED9578C0043B2CC /* InfoPlist.strings */,
				7D426A381ED956FB0043B2CC /* Localizable.strings */,
				3446D1491ECEABD00045C8F0 /* rahmen.xcdatamodeld */,
				7DDC5EBD1EDE7031001877B5 /* Resources */,
				3446D13D1ECEABD00045C8F0 /* Supporting Files */,
			);
			path = rahmen;
			sourceTree = "<group>";
		};
		3446D13D1ECEABD00045C8F0 /* Supporting Files */ = {
			isa = PBXGroup;
			children = (
				3446D13E1ECEABD00045C8F0 /* main.m */,
				7DC5A8761ED81E15008F61DA /* PrefixHeader.pch */,
			);
			name = "Supporting Files";
			sourceTree = "<group>";
		};
		510E10F13DA7F0608AAD22C8 /* Pods */ = {
			isa = PBXGroup;
			children = (
				66ABD8111A8E8F2D3FBF14B1 /* Pods-rahmen.debug.xcconfig */,
				A0A7777EE4148749C8143E24 /* Pods-rahmen.release.xcconfig */,
			);
			name = Pods;
			sourceTree = "<group>";
		};
		7DDC5E591EDE63F2001877B5 /* Classes */ = {
			isa = PBXGroup;
			children = (
				7DDC5E661EDE64D4001877B5 /* AppDelegate */,
				7DDC5E621EDE64D4001877B5 /* ViewControllers */,
				7DDC5E601EDE64D4001877B5 /* Vendors */,
				7DDC5E611EDE64D4001877B5 /* Models */,
				7DDC5E631EDE64D4001877B5 /* Managers */,
				7DDC5E641EDE64D4001877B5 /* Network */,
				7DDC5E651EDE64D4001877B5 /* Common */,
			);
			path = Classes;
			sourceTree = "<group>";
		};
		7DDC5E601EDE64D4001877B5 /* Vendors */ = {
			isa = PBXGroup;
			children = (
			);
			path = Vendors;
			sourceTree = "<group>";
		};
		7DDC5E611EDE64D4001877B5 /* Models */ = {
			isa = PBXGroup;
			children = (
				7DDC5ED41EDEA88E001877B5 /* LoginModel.h */,
				7DDC5ED51EDEA88E001877B5 /* LoginModel.m */,
			);
			path = Models;
			sourceTree = "<group>";
		};
		7DDC5E621EDE64D4001877B5 /* ViewControllers */ = {
			isa = PBXGroup;
			children = (
				7DDC5E721EDE678B001877B5 /* ManTab */,
				7DDC5E6E1EDE678B001877B5 /* Base */,
				7DDC5E711EDE678B001877B5 /* Login */,
				7DDC5E701EDE678B001877B5 /* Home */,
				7DDC5E6F1EDE678B001877B5 /* Device */,
				7DDC5E6D1EDE678B001877B5 /* Account */,
			);
			path = ViewControllers;
			sourceTree = "<group>";
		};
		7DDC5E631EDE64D4001877B5 /* Managers */ = {
			isa = PBXGroup;
			children = (
				7DDC5ED01EDEA80A001877B5 /* Account */,
			);
			path = Managers;
			sourceTree = "<group>";
		};
		7DDC5E641EDE64D4001877B5 /* Network */ = {
			isa = PBXGroup;
			children = (
			);
			path = Network;
			sourceTree = "<group>";
		};
		7DDC5E651EDE64D4001877B5 /* Common */ = {
			isa = PBXGroup;
			children = (
				7DDC5E7F1EDE6AC6001877B5 /* Categories */,
				7DDC5E971EDE6AC6001877B5 /* Macro */,
				7DDC5E9A1EDE6AC6001877B5 /* Utils */,
				7DDC5E9F1EDE6AC6001877B5 /* Views */,
			);
			path = Common;
			sourceTree = "<group>";
		};
		7DDC5E661EDE64D4001877B5 /* AppDelegate */ = {
			isa = PBXGroup;
			children = (
				7DDC5E671EDE64D4001877B5 /* AppDelegate.h */,
				7DDC5E681EDE64D4001877B5 /* AppDelegate.m */,
				7DDC5ECA1EDEA5D8001877B5 /* AppDelegate+Launcher.h */,
				7DDC5ECB1EDEA5D8001877B5 /* AppDelegate+Launcher.m */,
			);
			path = AppDelegate;
			sourceTree = "<group>";
		};
		7DDC5E6D1EDE678B001877B5 /* Account */ = {
			isa = PBXGroup;
			children = (
				7DDC5EBA1EDE6F8C001877B5 /* AccountViewController.h */,
				7DDC5EBB1EDE6F8C001877B5 /* AccountViewController.m */,
			);
			path = Account;
			sourceTree = "<group>";
		};
		7DDC5E6E1EDE678B001877B5 /* Base */ = {
			isa = PBXGroup;
			children = (
				7DDC5E731EDE6A52001877B5 /* PopStartView.h */,
				7DDC5E741EDE6A52001877B5 /* PopStartView.m */,
				7DDC5E751EDE6A52001877B5 /* BaseGridViewController.h */,
				7DDC5E761EDE6A52001877B5 /* BaseGridViewController.m */,
				7DDC5E771EDE6A52001877B5 /* BaseViewController.h */,
				7DDC5E781EDE6A52001877B5 /* BaseViewController.m */,
				7DDC5E791EDE6A52001877B5 /* BaseTabViewController.h */,
				7DDC5E7A1EDE6A52001877B5 /* BaseTabViewController.m */,
			);
			path = Base;
			sourceTree = "<group>";
		};
		7DDC5E6F1EDE678B001877B5 /* Device */ = {
			isa = PBXGroup;
			children = (
				7DDC5EB71EDE6F81001877B5 /* DeviceViewController.h */,
				7DDC5EB81EDE6F81001877B5 /* DeviceViewController.m */,
			);
			path = Device;
			sourceTree = "<group>";
		};
		7DDC5E701EDE678B001877B5 /* Home */ = {
			isa = PBXGroup;
			children = (
				7DDC5EB41EDE6F77001877B5 /* HomeViewController.h */,
				7DDC5EB51EDE6F77001877B5 /* HomeViewController.m */,
			);
			path = Home;
			sourceTree = "<group>";
		};
		7DDC5E711EDE678B001877B5 /* Login */ = {
			isa = PBXGroup;
			children = (
				7DDC5ECD1EDEA776001877B5 /* LoginViewController.h */,
				7DDC5ECE1EDEA776001877B5 /* LoginViewController.m */,
			);
			path = Login;
			sourceTree = "<group>";
		};
		7DDC5E721EDE678B001877B5 /* ManTab */ = {
			isa = PBXGroup;
			children = (
				7DDC5ED91EDEB111001877B5 /* MainTabViewController.h */,
				7DDC5EDA1EDEB111001877B5 /* MainTabViewController.m */,
			);
			path = ManTab;
			sourceTree = "<group>";
		};
		7DDC5E7F1EDE6AC6001877B5 /* Categories */ = {
			isa = PBXGroup;
			children = (
				7DDC5E801EDE6AC6001877B5 /* NSString+URLEncoding.h */,
				7DDC5E811EDE6AC6001877B5 /* NSString+URLEncoding.m */,
				7DDC5E821EDE6AC6001877B5 /* QFTableView.h */,
				7DDC5E831EDE6AC6001877B5 /* QFTableView.m */,
				7DDC5E841EDE6AC6001877B5 /* UIActionSheet+Blocks */,
				7DDC5E871EDE6AC6001877B5 /* UIAlertView+Blocks */,
				7DDC5E8A1EDE6AC6001877B5 /* UIButton+Blocks */,
				7DDC5E8D1EDE6AC6001877B5 /* UIImage-Extensions */,
				7DDC5E901EDE6AC6001877B5 /* UIView+Sizes.h */,
				7DDC5E911EDE6AC6001877B5 /* UIView+Sizes.m */,
				7DDC5E921EDE6AC6001877B5 /* UIView+TapBlocks */,
				7DDC5E951EDE6AC6001877B5 /* UIViewController+HUD.h */,
				7DDC5E961EDE6AC6001877B5 /* UIViewController+HUD.m */,
			);
			path = Categories;
			sourceTree = "<group>";
		};
		7DDC5E841EDE6AC6001877B5 /* UIActionSheet+Blocks */ = {
			isa = PBXGroup;
			children = (
				7DDC5E851EDE6AC6001877B5 /* UIActionSheet+Blocks.h */,
				7DDC5E861EDE6AC6001877B5 /* UIActionSheet+Blocks.m */,
			);
			path = "UIActionSheet+Blocks";
			sourceTree = "<group>";
		};
		7DDC5E871EDE6AC6001877B5 /* UIAlertView+Blocks */ = {
			isa = PBXGroup;
			children = (
				7DDC5E881EDE6AC6001877B5 /* UIAlertView+Blocks.h */,
				7DDC5E891EDE6AC6001877B5 /* UIAlertView+Blocks.m */,
			);
			path = "UIAlertView+Blocks";
			sourceTree = "<group>";
		};
		7DDC5E8A1EDE6AC6001877B5 /* UIButton+Blocks */ = {
			isa = PBXGroup;
			children = (
				7DDC5E8B1EDE6AC6001877B5 /* UIButton+Blocks.h */,
				7DDC5E8C1EDE6AC6001877B5 /* UIButton+Blocks.m */,
			);
			path = "UIButton+Blocks";
			sourceTree = "<group>";
		};
		7DDC5E8D1EDE6AC6001877B5 /* UIImage-Extensions */ = {
			isa = PBXGroup;
			children = (
				7DDC5E8E1EDE6AC6001877B5 /* UIImage-Extensions.h */,
				7DDC5E8F1EDE6AC6001877B5 /* UIImage-Extensions.m */,
			);
			path = "UIImage-Extensions";
			sourceTree = "<group>";
		};
		7DDC5E921EDE6AC6001877B5 /* UIView+TapBlocks */ = {
			isa = PBXGroup;
			children = (
				7DDC5E931EDE6AC6001877B5 /* UIView+TapBlocks.h */,
				7DDC5E941EDE6AC6001877B5 /* UIView+TapBlocks.m */,
			);
			path = "UIView+TapBlocks";
			sourceTree = "<group>";
		};
		7DDC5E971EDE6AC6001877B5 /* Macro */ = {
			isa = PBXGroup;
			children = (
				7DDC5E981EDE6AC6001877B5 /* Definition.h */,
				7DDC5E991EDE6AC6001877B5 /* Notification.h */,
			);
			path = Macro;
			sourceTree = "<group>";
		};
		7DDC5E9A1EDE6AC6001877B5 /* Utils */ = {
			isa = PBXGroup;
			children = (
				7DDC5E9B1EDE6AC6001877B5 /* AppUtil.h */,
				7DDC5E9C1EDE6AC6001877B5 /* AppUtil.m */,
				7DDC5E9D1EDE6AC6001877B5 /* Reachability.h */,
				7DDC5E9E1EDE6AC6001877B5 /* Reachability.m */,
			);
			path = Utils;
			sourceTree = "<group>";
		};
		7DDC5E9F1EDE6AC6001877B5 /* Views */ = {
			isa = PBXGroup;
			children = (
				7DDC5EA01EDE6AC6001877B5 /* CycleScrollView.h */,
				7DDC5EA11EDE6AC6001877B5 /* CycleScrollView.m */,
				7DDC5EA21EDE6AC6001877B5 /* NSTimer+Addition.h */,
				7DDC5EA31EDE6AC6001877B5 /* NSTimer+Addition.m */,
			);
			path = Views;
			sourceTree = "<group>";
		};
		7DDC5EBD1EDE7031001877B5 /* Resources */ = {
			isa = PBXGroup;
			children = (
				7DDC5EE01EDED6E6001877B5 /* E-mail.png */,
				7DDC5EE11EDED6E6001877B5 /* logincode.png */,
				7DDC5EE21EDED6E6001877B5 /* password.png */,
				7DDC5EE31EDED6E6001877B5 /* username.png */,
				7DDC5EDE1EDEC6CD001877B5 /* huangzi.png */,
				7DDC5EDC1EDEBEAE001877B5 /* whitezi.png */,
				7DDC5ED71EDEA970001877B5 /* launche@2x.png */,
				7DDC5EBE1EDE710C001877B5 /* Account@2x.png */,
				7DDC5EBF1EDE710C001877B5 /* Accountdian@2x.png */,
				7DDC5EC01EDE710C001877B5 /* devices@2x.png */,
				7DDC5EC11EDE710C001877B5 /* devicesdian@2x.png */,
				7DDC5EC21EDE710C001877B5 /* home@2x.png */,
				7DDC5EC31EDE710C001877B5 /* homedian@2x.png */,
			);
			path = Resources;
			sourceTree = "<group>";
		};
		7DDC5ED01EDEA80A001877B5 /* Account */ = {
			isa = PBXGroup;
			children = (
				7DDC5ED11EDEA80A001877B5 /* AccountManager.h */,
				7DDC5ED21EDEA80A001877B5 /* AccountManager.m */,
			);
			path = Account;
			sourceTree = "<group>";
		};
		E50A8918AA0B58AFDDCC2E98 /* Frameworks */ = {
			isa = PBXGroup;
			children = (
				A655CA74FB2946CC54E8D666 /* libPods-rahmen.a */,
			);
			name = Frameworks;
			sourceTree = "<group>";
		};
/* End PBXGroup section */

/* Begin PBXNativeTarget section */
		3446D1391ECEABD00045C8F0 /* rahmen */ = {
			isa = PBXNativeTarget;
			buildConfigurationList = 3446D1541ECEABD10045C8F0 /* Build configuration list for PBXNativeTarget "rahmen" */;
			buildPhases = (
				2429F1CC3A3E9D1099FD20B2 /* [CP] Check Pods Manifest.lock */,
				3446D1361ECEABD00045C8F0 /* Sources */,
				3446D1371ECEABD00045C8F0 /* Frameworks */,
				3446D1381ECEABD00045C8F0 /* Resources */,
				CE950C2C431CC6CD55696A89 /* [CP] Embed Pods Frameworks */,
				E45B534AED6980FFB9CDB31B /* [CP] Copy Pods Resources */,
			);
			buildRules = (
			);
			dependencies = (
			);
			name = rahmen;
			productName = rahmen;
			productReference = 3446D13A1ECEABD00045C8F0 /* rahmen.app */;
			productType = "com.apple.product-type.application";
		};
/* End PBXNativeTarget section */

/* Begin PBXProject section */
		3446D1321ECEABD00045C8F0 /* Project object */ = {
			isa = PBXProject;
			attributes = {
				LastUpgradeCheck = 0820;
				ORGANIZATIONNAME = yulei;
				TargetAttributes = {
					3446D1391ECEABD00045C8F0 = {
						CreatedOnToolsVersion = 8.2.1;
						ProvisioningStyle = Automatic;
					};
				};
			};
			buildConfigurationList = 3446D1351ECEABD00045C8F0 /* Build configuration list for PBXProject "rahmen" */;
			compatibilityVersion = "Xcode 3.2";
			developmentRegion = English;
			hasScannedForEncodings = 0;
			knownRegions = (
				en,
				Base,
				"zh-Hans",
			);
			mainGroup = 3446D1311ECEABD00045C8F0;
			productRefGroup = 3446D13B1ECEABD00045C8F0 /* Products */;
			projectDirPath = "";
			projectRoot = "";
			targets = (
				3446D1391ECEABD00045C8F0 /* rahmen */,
			);
		};
/* End PBXProject section */

/* Begin PBXResourcesBuildPhase section */
		3446D1381ECEABD00045C8F0 /* Resources */ = {
			isa = PBXResourcesBuildPhase;
			buildActionMask = 2147483647;
			files = (
				7DDC5EC71EDE710C001877B5 /* devicesdian@2x.png in Resources */,
				7DDC5EC51EDE710C001877B5 /* Accountdian@2x.png in Resources */,
				7DDC5EE41EDED6E6001877B5 /* E-mail.png in Resources */,
				7DDC5EE61EDED6E6001877B5 /* password.png in Resources */,
				7DDC5EC61EDE710C001877B5 /* devices@2x.png in Resources */,
				7DDC5EE51EDED6E6001877B5 /* logincode.png in Resources */,
				7D426A361ED956FB0043B2CC /* Localizable.strings in Resources */,
				7DDC5EC41EDE710C001877B5 /* Account@2x.png in Resources */,
				3446D1501ECEABD10045C8F0 /* LaunchScreen.storyboard in Resources */,
				7DDC5EC81EDE710C001877B5 /* home@2x.png in Resources */,
				3446D14D1ECEABD10045C8F0 /* Assets.xcassets in Resources */,
				7DDC5EC91EDE710C001877B5 /* homedian@2x.png in Resources */,
				3446D1481ECEABD00045C8F0 /* Main.storyboard in Resources */,
				7DDC5EDF1EDEC6CD001877B5 /* huangzi.png in Resources */,
				7DDC5ED81EDEA970001877B5 /* launche@2x.png in Resources */,
				7DDC5EE71EDED6E6001877B5 /* username.png in Resources */,
				7D426A3C1ED9578C0043B2CC /* InfoPlist.strings in Resources */,
				7DDC5EDD1EDEBEAE001877B5 /* whitezi.png in Resources */,
			);
			runOnlyForDeploymentPostprocessing = 0;
		};
/* End PBXResourcesBuildPhase section */

/* Begin PBXShellScriptBuildPhase section */
		2429F1CC3A3E9D1099FD20B2 /* [CP] Check Pods Manifest.lock */ = {
			isa = PBXShellScriptBuildPhase;
			buildActionMask = 2147483647;
			files = (
			);
			inputPaths = (
			);
			name = "[CP] Check Pods Manifest.lock";
			outputPaths = (
			);
			runOnlyForDeploymentPostprocessing = 0;
			shellPath = /bin/sh;
			shellScript = "diff \"${PODS_ROOT}/../Podfile.lock\" \"${PODS_ROOT}/Manifest.lock\" > /dev/null\nif [[ $? != 0 ]] ; then\n    cat << EOM\nerror: The sandbox is not in sync with the Podfile.lock. Run 'pod install' or update your CocoaPods installation.\nEOM\n    exit 1\nfi\n";
			showEnvVarsInLog = 0;
		};
		CE950C2C431CC6CD55696A89 /* [CP] Embed Pods Frameworks */ = {
			isa = PBXShellScriptBuildPhase;
			buildActionMask = 2147483647;
			files = (
			);
			inputPaths = (
			);
			name = "[CP] Embed Pods Frameworks";
			outputPaths = (
			);
			runOnlyForDeploymentPostprocessing = 0;
			shellPath = /bin/sh;
			shellScript = "\"${SRCROOT}/Pods/Target Support Files/Pods-rahmen/Pods-rahmen-frameworks.sh\"\n";
			showEnvVarsInLog = 0;
		};
		E45B534AED6980FFB9CDB31B /* [CP] Copy Pods Resources */ = {
			isa = PBXShellScriptBuildPhase;
			buildActionMask = 2147483647;
			files = (
			);
			inputPaths = (
			);
			name = "[CP] Copy Pods Resources";
			outputPaths = (
			);
			runOnlyForDeploymentPostprocessing = 0;
			shellPath = /bin/sh;
			shellScript = "\"${SRCROOT}/Pods/Target Support Files/Pods-rahmen/Pods-rahmen-resources.sh\"\n";
			showEnvVarsInLog = 0;
		};
/* End PBXShellScriptBuildPhase section */

/* Begin PBXSourcesBuildPhase section */
		3446D1361ECEABD00045C8F0 /* Sources */ = {
			isa = PBXSourcesBuildPhase;
			buildActionMask = 2147483647;
			files = (
				7DDC5EAC1EDE6AC6001877B5 /* UIViewController+HUD.m in Sources */,
				7DDC5EA41EDE6AC6001877B5 /* NSString+URLEncoding.m in Sources */,
				7DDC5ECF1EDEA776001877B5 /* LoginViewController.m in Sources */,
				7DDC5EA91EDE6AC6001877B5 /* UIImage-Extensions.m in Sources */,
				3446D14B1ECEABD00045C8F0 /* rahmen.xcdatamodeld in Sources */,
				7DDC5EA51EDE6AC6001877B5 /* QFTableView.m in Sources */,
				7DDC5EAB1EDE6AC6001877B5 /* UIView+TapBlocks.m in Sources */,
				7DDC5EB01EDE6AC7001877B5 /* NSTimer+Addition.m in Sources */,
				3446D13F1ECEABD00045C8F0 /* main.m in Sources */,
				7DDC5EB61EDE6F77001877B5 /* HomeViewController.m in Sources */,
				7DDC5E7E1EDE6A52001877B5 /* BaseTabViewController.m in Sources */,
				7DDC5EAD1EDE6AC7001877B5 /* AppUtil.m in Sources */,
				7DDC5ED61EDEA88E001877B5 /* LoginModel.m in Sources */,
				7DDC5EAF1EDE6AC7001877B5 /* CycleScrollView.m in Sources */,
				7DDC5ECC1EDEA5D8001877B5 /* AppDelegate+Launcher.m in Sources */,
				7DDC5EAE1EDE6AC7001877B5 /* Reachability.m in Sources */,
				7DDC5EA81EDE6AC6001877B5 /* UIButton+Blocks.m in Sources */,
				7DDC5ED31EDEA80A001877B5 /* AccountManager.m in Sources */,
				7DDC5EB91EDE6F81001877B5 /* DeviceViewController.m in Sources */,
				7DDC5E6B1EDE64D4001877B5 /* AppDelegate.m in Sources */,
				7DDC5EA61EDE6AC6001877B5 /* UIActionSheet+Blocks.m in Sources */,
				7DDC5EBC1EDE6F8C001877B5 /* AccountViewController.m in Sources */,
				7DDC5E7B1EDE6A52001877B5 /* PopStartView.m in Sources */,
				7DDC5EA71EDE6AC6001877B5 /* UIAlertView+Blocks.m in Sources */,
				7DDC5E7D1EDE6A52001877B5 /* BaseViewController.m in Sources */,
				7DDC5EDB1EDEB111001877B5 /* MainTabViewController.m in Sources */,
				7DDC5EAA1EDE6AC6001877B5 /* UIView+Sizes.m in Sources */,
				7DDC5E7C1EDE6A52001877B5 /* BaseGridViewController.m in Sources */,
			);
			runOnlyForDeploymentPostprocessing = 0;
		};
/* End PBXSourcesBuildPhase section */

/* Begin PBXVariantGroup section */
		3446D1461ECEABD00045C8F0 /* Main.storyboard */ = {
			isa = PBXVariantGroup;
			children = (
				3446D1471ECEABD00045C8F0 /* Base */,
				7D426A2C1ED955680043B2CC /* zh-Hans */,
			);
			name = Main.storyboard;
			sourceTree = "<group>";
		};
		3446D14E1ECEABD10045C8F0 /* LaunchScreen.storyboard */ = {
			isa = PBXVariantGroup;
			children = (
				3446D14F1ECEABD10045C8F0 /* Base */,
				7D426A2D1ED955680043B2CC /* zh-Hans */,
			);
			name = LaunchScreen.storyboard;
			sourceTree = "<group>";
		};
		7D426A381ED956FB0043B2CC /* Localizable.strings */ = {
			isa = PBXVariantGroup;
			children = (
				7D426A371ED956FB0043B2CC /* en */,
				7D426A391ED956FD0043B2CC /* zh-Hans */,
			);
			name = Localizable.strings;
			sourceTree = "<group>";
		};
		7D426A3E1ED9578C0043B2CC /* InfoPlist.strings */ = {
			isa = PBXVariantGroup;
			children = (
				7D426A3D1ED9578C0043B2CC /* en */,
				7D426A3F1ED9578D0043B2CC /* zh-Hans */,
			);
			name = InfoPlist.strings;
			sourceTree = "<group>";
		};
/* End PBXVariantGroup section */

/* Begin XCBuildConfiguration section */
		3446D1521ECEABD10045C8F0 /* Debug */ = {
			isa = XCBuildConfiguration;
			buildSettings = {
				ALWAYS_SEARCH_USER_PATHS = NO;
				CLANG_ANALYZER_LOCALIZABILITY_NONLOCALIZED = YES;
				CLANG_ANALYZER_NONNULL = YES;
				CLANG_CXX_LANGUAGE_STANDARD = "gnu++0x";
				CLANG_CXX_LIBRARY = "libc++";
				CLANG_ENABLE_MODULES = YES;
				CLANG_ENABLE_OBJC_ARC = YES;
				CLANG_WARN_BOOL_CONVERSION = YES;
				CLANG_WARN_CONSTANT_CONVERSION = YES;
				CLANG_WARN_DIRECT_OBJC_ISA_USAGE = YES_ERROR;
				CLANG_WARN_DOCUMENTATION_COMMENTS = YES;
				CLANG_WARN_EMPTY_BODY = YES;
				CLANG_WARN_ENUM_CONVERSION = YES;
				CLANG_WARN_INFINITE_RECURSION = YES;
				CLANG_WARN_INT_CONVERSION = YES;
				CLANG_WARN_OBJC_ROOT_CLASS = YES_ERROR;
				CLANG_WARN_SUSPICIOUS_MOVE = YES;
				CLANG_WARN_UNREACHABLE_CODE = YES;
				CLANG_WARN__DUPLICATE_METHOD_MATCH = YES;
				"CODE_SIGN_IDENTITY[sdk=iphoneos*]" = "iPhone Developer";
				COPY_PHASE_STRIP = NO;
				DEBUG_INFORMATION_FORMAT = dwarf;
				ENABLE_STRICT_OBJC_MSGSEND = YES;
				ENABLE_TESTABILITY = YES;
				GCC_C_LANGUAGE_STANDARD = gnu99;
				GCC_DYNAMIC_NO_PIC = NO;
				GCC_NO_COMMON_BLOCKS = YES;
				GCC_OPTIMIZATION_LEVEL = 0;
				GCC_PREPROCESSOR_DEFINITIONS = (
					"DEBUG=1",
					"$(inherited)",
				);
				GCC_WARN_64_TO_32_BIT_CONVERSION = YES;
				GCC_WARN_ABOUT_RETURN_TYPE = YES_ERROR;
				GCC_WARN_UNDECLARED_SELECTOR = YES;
				GCC_WARN_UNINITIALIZED_AUTOS = YES_AGGRESSIVE;
				GCC_WARN_UNUSED_FUNCTION = YES;
				GCC_WARN_UNUSED_VARIABLE = YES;
				IPHONEOS_DEPLOYMENT_TARGET = 10.2;
				MTL_ENABLE_DEBUG_INFO = YES;
				ONLY_ACTIVE_ARCH = YES;
				SDKROOT = iphoneos;
			};
			name = Debug;
		};
		3446D1531ECEABD10045C8F0 /* Release */ = {
			isa = XCBuildConfiguration;
			buildSettings = {
				ALWAYS_SEARCH_USER_PATHS = NO;
				CLANG_ANALYZER_LOCALIZABILITY_NONLOCALIZED = YES;
				CLANG_ANALYZER_NONNULL = YES;
				CLANG_CXX_LANGUAGE_STANDARD = "gnu++0x";
				CLANG_CXX_LIBRARY = "libc++";
				CLANG_ENABLE_MODULES = YES;
				CLANG_ENABLE_OBJC_ARC = YES;
				CLANG_WARN_BOOL_CONVERSION = YES;
				CLANG_WARN_CONSTANT_CONVERSION = YES;
				CLANG_WARN_DIRECT_OBJC_ISA_USAGE = YES_ERROR;
				CLANG_WARN_DOCUMENTATION_COMMENTS = YES;
				CLANG_WARN_EMPTY_BODY = YES;
				CLANG_WARN_ENUM_CONVERSION = YES;
				CLANG_WARN_INFINITE_RECURSION = YES;
				CLANG_WARN_INT_CONVERSION = YES;
				CLANG_WARN_OBJC_ROOT_CLASS = YES_ERROR;
				CLANG_WARN_SUSPICIOUS_MOVE = YES;
				CLANG_WARN_UNREACHABLE_CODE = YES;
				CLANG_WARN__DUPLICATE_METHOD_MATCH = YES;
				"CODE_SIGN_IDENTITY[sdk=iphoneos*]" = "iPhone Developer";
				COPY_PHASE_STRIP = NO;
				DEBUG_INFORMATION_FORMAT = "dwarf-with-dsym";
				ENABLE_NS_ASSERTIONS = NO;
				ENABLE_STRICT_OBJC_MSGSEND = YES;
				GCC_C_LANGUAGE_STANDARD = gnu99;
				GCC_NO_COMMON_BLOCKS = YES;
				GCC_WARN_64_TO_32_BIT_CONVERSION = YES;
				GCC_WARN_ABOUT_RETURN_TYPE = YES_ERROR;
				GCC_WARN_UNDECLARED_SELECTOR = YES;
				GCC_WARN_UNINITIALIZED_AUTOS = YES_AGGRESSIVE;
				GCC_WARN_UNUSED_FUNCTION = YES;
				GCC_WARN_UNUSED_VARIABLE = YES;
				IPHONEOS_DEPLOYMENT_TARGET = 10.2;
				MTL_ENABLE_DEBUG_INFO = NO;
				SDKROOT = iphoneos;
				VALIDATE_PRODUCT = YES;
			};
			name = Release;
		};
		3446D1551ECEABD10045C8F0 /* Debug */ = {
			isa = XCBuildConfiguration;
			baseConfigurationReference = 66ABD8111A8E8F2D3FBF14B1 /* Pods-rahmen.debug.xcconfig */;
			buildSettings = {
				ASSETCATALOG_COMPILER_APPICON_NAME = AppIcon;
				GCC_PREFIX_HEADER = "$(SRCROOT)/rahmen/PrefixHeader.pch";
				INFOPLIST_FILE = rahmen/Info.plist;
				LD_RUNPATH_SEARCH_PATHS = "$(inherited) @executable_path/Frameworks";
				PRODUCT_BUNDLE_IDENTIFIER = com.sego.rimi.rahmen;
				PRODUCT_NAME = "$(TARGET_NAME)";
			};
			name = Debug;
		};
		3446D1561ECEABD10045C8F0 /* Release */ = {
			isa = XCBuildConfiguration;
			baseConfigurationReference = A0A7777EE4148749C8143E24 /* Pods-rahmen.release.xcconfig */;
			buildSettings = {
				ASSETCATALOG_COMPILER_APPICON_NAME = AppIcon;
				GCC_PREFIX_HEADER = "$(SRCROOT)/rahmen/PrefixHeader.pch";
				INFOPLIST_FILE = rahmen/Info.plist;
				LD_RUNPATH_SEARCH_PATHS = "$(inherited) @executable_path/Frameworks";
				PRODUCT_BUNDLE_IDENTIFIER = com.sego.rimi.rahmen;
				PRODUCT_NAME = "$(TARGET_NAME)";
			};
			name = Release;
		};
/* End XCBuildConfiguration section */

/* Begin XCConfigurationList section */
		3446D1351ECEABD00045C8F0 /* Build configuration list for PBXProject "rahmen" */ = {
			isa = XCConfigurationList;
			buildConfigurations = (
				3446D1521ECEABD10045C8F0 /* Debug */,
				3446D1531ECEABD10045C8F0 /* Release */,
			);
			defaultConfigurationIsVisible = 0;
			defaultConfigurationName = Release;
		};
		3446D1541ECEABD10045C8F0 /* Build configuration list for PBXNativeTarget "rahmen" */ = {
			isa = XCConfigurationList;
			buildConfigurations = (
				3446D1551ECEABD10045C8F0 /* Debug */,
				3446D1561ECEABD10045C8F0 /* Release */,
			);
			defaultConfigurationIsVisible = 0;
			defaultConfigurationName = Release;
		};
/* End XCConfigurationList section */

/* Begin XCVersionGroup section */
		3446D1491ECEABD00045C8F0 /* rahmen.xcdatamodeld */ = {
			isa = XCVersionGroup;
			children = (
				3446D14A1ECEABD00045C8F0 /* rahmen.xcdatamodel */,
			);
			currentVersion = 3446D14A1ECEABD00045C8F0 /* rahmen.xcdatamodel */;
			path = rahmen.xcdatamodeld;
			sourceTree = "<group>";
			versionGroupType = wrapper.xcdatamodel;
		};
/* End XCVersionGroup section */
	};
	rootObject = 3446D1321ECEABD00045C8F0 /* Project object */;
}
